
Microsoft Visual Studio Solution File, Format Version 12.00
# Visual Studio Version 16
VisualStudioVersion = 16.0.30608.117
MinimumVisualStudioVersion = 10.0.40219.1
Project("{9A19103F-16F7-4668-BE54-9A1E7A4F7556}") = "10-ProjectTye.Backend", "10-ProjectTye.Backend\10-ProjectTye.Backend.csproj", "{0207F91F-7890-472C-B086-38B22539AE9E}"
EndProject
Project("{FAE04EC0-301F-11D3-BF4B-00C04F79EFBC}") = "10-ProjectTye.Worker", "10-ProjectTye.Worker\10-ProjectTye.Worker.csproj", "{53570F17-5DA7-451E-ADD9-7879FEE2A401}"
EndProject
Project("{FAE04EC0-301F-11D3-BF4B-00C04F79EFBC}") = "10-ProjectTye.Dto", "10-ProjectTye.Dto\10-ProjectTye.Dto.csproj", "{FA0EF2C8-445C-487C-81C6-58892F7115F3}"
EndProject
Global
	GlobalSection(SolutionConfigurationPlatforms) = preSolution
		Debug|Any CPU = Debug|Any CPU
		Release|Any CPU = Release|Any CPU
	EndGlobalSection
	GlobalSection(ProjectConfigurationPlatforms) = postSolution
		{0207F91F-7890-472C-B086-38B22539AE9E}.Debug|Any CPU.ActiveCfg = Debug|Any CPU
		{0207F91F-7890-472C-B086-38B22539AE9E}.Debug|Any CPU.Build.0 = Debug|Any CPU
		{0207F91F-7890-472C-B086-38B22539AE9E}.Release|Any CPU.ActiveCfg = Release|Any CPU
		{0207F91F-7890-472C-B086-38B22539AE9E}.Release|Any CPU.Build.0 = Release|Any CPU
		{53570F17-5DA7-451E-ADD9-7879FEE2A401}.Debug|Any CPU.ActiveCfg = Debug|Any CPU
		{53570F17-5DA7-451E-ADD9-7879FEE2A401}.Debug|Any CPU.Build.0 = Debug|Any CPU
		{53570F17-5DA7-451E-ADD9-7879FEE2A401}.Release|Any CPU.ActiveCfg = Release|Any CPU
		{53570F17-5DA7-451E-ADD9-7879FEE2A401}.Release|Any CPU.Build.0 = Release|Any CPU
		{FA0EF2C8-445C-487C-81C6-58892F7115F3}.Debug|Any CPU.ActiveCfg = Debug|Any CPU
		{FA0EF2C8-445C-487C-81C6-58892F7115F3}.Debug|Any CPU.Build.0 = Debug|Any CPU
		{FA0EF2C8-445C-487C-81C6-58892F7115F3}.Release|Any CPU.ActiveCfg = Release|Any CPU
		{FA0EF2C8-445C-487C-81C6-58892F7115F3}.Release|Any CPU.Build.0 = Release|Any CPU
	EndGlobalSection
	GlobalSection(SolutionProperties) = preSolution
		HideSolutionNode = FALSE
	EndGlobalSection
	GlobalSection(ExtensibilityGlobals) = postSolution
		SolutionGuid = {9F480D36-A070-4588-ACB0-BF054239AE5B}
	EndGlobalSection
EndGlobal
