
Microsoft Visual Studio Solution File, Format Version 12.00
# Visual Studio Version 16
VisualStudioVersion = 16.0.30608.117
MinimumVisualStudioVersion = 10.0.40219.1
Project("{9A19103F-16F7-4668-BE54-9A1E7A4F7556}") = "06-NewDevTemplates.WorkerService", "06-NewDevTemplates.WorkerService\06-NewDevTemplates.WorkerService.csproj", "{E246D282-4C95-4A7E-A35B-0820E3E1A2DB}"
EndProject
Project("{9A19103F-16F7-4668-BE54-9A1E7A4F7556}") = "06-NewDevTemplates.GrpcService", "06-NewDevTemplates.GrpcService\06-NewDevTemplates.GrpcService.csproj", "{F8BD9353-0FA7-4C7F-9DB4-60BF81956B29}"
EndProject
Project("{9A19103F-16F7-4668-BE54-9A1E7A4F7556}") = "06-NewDevTemplates.GrpcClient", "06-NewDevTemplates.GrpcClient\06-NewDevTemplates.GrpcClient.csproj", "{C82DAD2D-F727-4933-BF6B-4FA998604CC2}"
EndProject
Project("{FAE04EC0-301F-11D3-BF4B-00C04F79EFBC}") = "06-NewDevTemplates.WinForms", "06-NewDevTemplates.WinForms\06-NewDevTemplates.WinForms.csproj", "{F61C720F-78E6-43AE-988A-8C9DC902D87F}"
EndProject
Project("{FAE04EC0-301F-11D3-BF4B-00C04F79EFBC}") = "06-NewDevTemplates.Wpf", "06-NewDevTemplates.Wpf\06-NewDevTemplates.Wpf.csproj", "{85679784-1441-4865-BBB3-3969A7CE6857}"
EndProject
Global
	GlobalSection(SolutionConfigurationPlatforms) = preSolution
		Debug|Any CPU = Debug|Any CPU
		Release|Any CPU = Release|Any CPU
	EndGlobalSection
	GlobalSection(ProjectConfigurationPlatforms) = postSolution
		{E246D282-4C95-4A7E-A35B-0820E3E1A2DB}.Debug|Any CPU.ActiveCfg = Debug|Any CPU
		{E246D282-4C95-4A7E-A35B-0820E3E1A2DB}.Debug|Any CPU.Build.0 = Debug|Any CPU
		{E246D282-4C95-4A7E-A35B-0820E3E1A2DB}.Release|Any CPU.ActiveCfg = Release|Any CPU
		{E246D282-4C95-4A7E-A35B-0820E3E1A2DB}.Release|Any CPU.Build.0 = Release|Any CPU
		{F8BD9353-0FA7-4C7F-9DB4-60BF81956B29}.Debug|Any CPU.ActiveCfg = Debug|Any CPU
		{F8BD9353-0FA7-4C7F-9DB4-60BF81956B29}.Debug|Any CPU.Build.0 = Debug|Any CPU
		{F8BD9353-0FA7-4C7F-9DB4-60BF81956B29}.Release|Any CPU.ActiveCfg = Release|Any CPU
		{F8BD9353-0FA7-4C7F-9DB4-60BF81956B29}.Release|Any CPU.Build.0 = Release|Any CPU
		{C82DAD2D-F727-4933-BF6B-4FA998604CC2}.Debug|Any CPU.ActiveCfg = Debug|Any CPU
		{C82DAD2D-F727-4933-BF6B-4FA998604CC2}.Debug|Any CPU.Build.0 = Debug|Any CPU
		{C82DAD2D-F727-4933-BF6B-4FA998604CC2}.Release|Any CPU.ActiveCfg = Release|Any CPU
		{C82DAD2D-F727-4933-BF6B-4FA998604CC2}.Release|Any CPU.Build.0 = Release|Any CPU
		{F61C720F-78E6-43AE-988A-8C9DC902D87F}.Debug|Any CPU.ActiveCfg = Debug|Any CPU
		{F61C720F-78E6-43AE-988A-8C9DC902D87F}.Debug|Any CPU.Build.0 = Debug|Any CPU
		{F61C720F-78E6-43AE-988A-8C9DC902D87F}.Release|Any CPU.ActiveCfg = Release|Any CPU
		{F61C720F-78E6-43AE-988A-8C9DC902D87F}.Release|Any CPU.Build.0 = Release|Any CPU
		{85679784-1441-4865-BBB3-3969A7CE6857}.Debug|Any CPU.ActiveCfg = Debug|Any CPU
		{85679784-1441-4865-BBB3-3969A7CE6857}.Debug|Any CPU.Build.0 = Debug|Any CPU
		{85679784-1441-4865-BBB3-3969A7CE6857}.Release|Any CPU.ActiveCfg = Release|Any CPU
		{85679784-1441-4865-BBB3-3969A7CE6857}.Release|Any CPU.Build.0 = Release|Any CPU
	EndGlobalSection
	GlobalSection(SolutionProperties) = preSolution
		HideSolutionNode = FALSE
	EndGlobalSection
	GlobalSection(ExtensibilityGlobals) = postSolution
		SolutionGuid = {02FEF377-6204-4E8D-902F-7EF7D5D5AF0F}
	EndGlobalSection
EndGlobal
