
Microsoft Visual Studio Solution File, Format Version 12.00
# Visual Studio Version 16
VisualStudioVersion = 16.0.30608.117
MinimumVisualStudioVersion = 10.0.40219.1
Project("{FAE04EC0-301F-11D3-BF4B-00C04F79EFBC}") = "05-HardwareIntrinsics", "05-HardwareIntrinsics\05-HardwareIntrinsics.csproj", "{0B67D7E3-C7DE-4E56-B719-2B7A834DA0DF}"
EndProject
Global
	GlobalSection(SolutionConfigurationPlatforms) = preSolution
		Debug|Any CPU = Debug|Any CPU
		Release|Any CPU = Release|Any CPU
	EndGlobalSection
	GlobalSection(ProjectConfigurationPlatforms) = postSolution
		{0B67D7E3-C7DE-4E56-B719-2B7A834DA0DF}.Debug|Any CPU.ActiveCfg = Debug|Any CPU
		{0B67D7E3-C7DE-4E56-B719-2B7A834DA0DF}.Debug|Any CPU.Build.0 = Debug|Any CPU
		{0B67D7E3-C7DE-4E56-B719-2B7A834DA0DF}.Release|Any CPU.ActiveCfg = Release|Any CPU
		{0B67D7E3-C7DE-4E56-B719-2B7A834DA0DF}.Release|Any CPU.Build.0 = Release|Any CPU
	EndGlobalSection
	GlobalSection(SolutionProperties) = preSolution
		HideSolutionNode = FALSE
	EndGlobalSection
	GlobalSection(ExtensibilityGlobals) = postSolution
		SolutionGuid = {7DBA14C0-897F-4428-A1DC-8A42566FA398}
	EndGlobalSection
EndGlobal
