
Microsoft Visual Studio Solution File, Format Version 12.00
# Visual Studio Version 16
VisualStudioVersion = 16.0.30608.117
MinimumVisualStudioVersion = 10.0.40219.1
Project("{9A19103F-16F7-4668-BE54-9A1E7A4F7556}") = "07-CSharpFeatures.TopLevelPrograms", "07-CSharpFeatures.TopLevelPrograms\07-CSharpFeatures.TopLevelPrograms.csproj", "{1E01CDE6-CB86-4DF3-BC7A-DE31FFC54049}"
EndProject
Project("{9A19103F-16F7-4668-BE54-9A1E7A4F7556}") = "07-CSharpFeatures.TargetTypedNewExpressions", "07-CSharpFeatures.TargetTypedNewExpressions\07-CSharpFeatures.TargetTypedNewExpressions.csproj", "{E49B3DC4-0ACC-4197-B86E-A553A2F4217B}"
EndProject
Project("{9A19103F-16F7-4668-BE54-9A1E7A4F7556}") = "07-CSharpFeatures.Records", "07-CSharpFeatures.Records\07-CSharpFeatures.Records.csproj", "{E46637E4-4163-4F39-B2B1-188BE65E502D}"
EndProject
Project("{9A19103F-16F7-4668-BE54-9A1E7A4F7556}") = "07-CSharpFeatures.InitOnlyProperties", "07-CSharpFeatures.InitOnlyProperties\07-CSharpFeatures.InitOnlyProperties.csproj", "{E2C36D89-8FED-4B53-8EF8-AC24B2FDA355}"
EndProject
Project("{FAE04EC0-301F-11D3-BF4B-00C04F79EFBC}") = "07-CSharpFeatures.SystemDotHalfSupport", "07-CSharpFeatures.SystemDotHalfSupport\07-CSharpFeatures.SystemDotHalfSupport.csproj", "{2D96AFD1-5782-478F-BACE-4D14E3DB72EC}"
EndProject
Global
	GlobalSection(SolutionConfigurationPlatforms) = preSolution
		Debug|Any CPU = Debug|Any CPU
		Release|Any CPU = Release|Any CPU
	EndGlobalSection
	GlobalSection(ProjectConfigurationPlatforms) = postSolution
		{1E01CDE6-CB86-4DF3-BC7A-DE31FFC54049}.Debug|Any CPU.ActiveCfg = Debug|Any CPU
		{1E01CDE6-CB86-4DF3-BC7A-DE31FFC54049}.Debug|Any CPU.Build.0 = Debug|Any CPU
		{1E01CDE6-CB86-4DF3-BC7A-DE31FFC54049}.Release|Any CPU.ActiveCfg = Release|Any CPU
		{1E01CDE6-CB86-4DF3-BC7A-DE31FFC54049}.Release|Any CPU.Build.0 = Release|Any CPU
		{E49B3DC4-0ACC-4197-B86E-A553A2F4217B}.Debug|Any CPU.ActiveCfg = Debug|Any CPU
		{E49B3DC4-0ACC-4197-B86E-A553A2F4217B}.Debug|Any CPU.Build.0 = Debug|Any CPU
		{E49B3DC4-0ACC-4197-B86E-A553A2F4217B}.Release|Any CPU.ActiveCfg = Release|Any CPU
		{E49B3DC4-0ACC-4197-B86E-A553A2F4217B}.Release|Any CPU.Build.0 = Release|Any CPU
		{E46637E4-4163-4F39-B2B1-188BE65E502D}.Debug|Any CPU.ActiveCfg = Debug|Any CPU
		{E46637E4-4163-4F39-B2B1-188BE65E502D}.Debug|Any CPU.Build.0 = Debug|Any CPU
		{E46637E4-4163-4F39-B2B1-188BE65E502D}.Release|Any CPU.ActiveCfg = Release|Any CPU
		{E46637E4-4163-4F39-B2B1-188BE65E502D}.Release|Any CPU.Build.0 = Release|Any CPU
		{E2C36D89-8FED-4B53-8EF8-AC24B2FDA355}.Debug|Any CPU.ActiveCfg = Debug|Any CPU
		{E2C36D89-8FED-4B53-8EF8-AC24B2FDA355}.Debug|Any CPU.Build.0 = Debug|Any CPU
		{E2C36D89-8FED-4B53-8EF8-AC24B2FDA355}.Release|Any CPU.ActiveCfg = Release|Any CPU
		{E2C36D89-8FED-4B53-8EF8-AC24B2FDA355}.Release|Any CPU.Build.0 = Release|Any CPU
		{2D96AFD1-5782-478F-BACE-4D14E3DB72EC}.Debug|Any CPU.ActiveCfg = Debug|Any CPU
		{2D96AFD1-5782-478F-BACE-4D14E3DB72EC}.Debug|Any CPU.Build.0 = Debug|Any CPU
		{2D96AFD1-5782-478F-BACE-4D14E3DB72EC}.Release|Any CPU.ActiveCfg = Release|Any CPU
		{2D96AFD1-5782-478F-BACE-4D14E3DB72EC}.Release|Any CPU.Build.0 = Release|Any CPU
	EndGlobalSection
	GlobalSection(SolutionProperties) = preSolution
		HideSolutionNode = FALSE
	EndGlobalSection
	GlobalSection(ExtensibilityGlobals) = postSolution
		SolutionGuid = {BE3FE9AE-DA43-4F78-A866-0F8E27C835B9}
	EndGlobalSection
EndGlobal
