
Microsoft Visual Studio Solution File, Format Version 12.00
# Visual Studio Version 16
VisualStudioVersion = 16.0.30608.117
MinimumVisualStudioVersion = 10.0.40219.1
Project("{9A19103F-16F7-4668-BE54-9A1E7A4F7556}") = "01-SingleSdkExperience.DotNet5", "01-SingleSdkExperience.DotNet5\01-SingleSdkExperience.DotNet5.csproj", "{EE84761E-10AE-4D7B-904C-11BC3E9EC614}"
EndProject
Project("{9A19103F-16F7-4668-BE54-9A1E7A4F7556}") = "01-SingleSdkExperience.WinForms", "01-SingleSdkExperience.WinForms\01-SingleSdkExperience.WinForms.csproj", "{1DB81900-C2DF-4248-BE9C-41E26B9868C1}"
EndProject
Project("{9A19103F-16F7-4668-BE54-9A1E7A4F7556}") = "01-SingleSdkExperience.Wpf", "01-SingleSdkExperience.Wpf\01-SingleSdkExperience.Wpf.csproj", "{57817E9F-438A-44F7-9CC2-08DD5389A4F6}"
EndProject
Global
	GlobalSection(SolutionConfigurationPlatforms) = preSolution
		Debug|Any CPU = Debug|Any CPU
		Release|Any CPU = Release|Any CPU
	EndGlobalSection
	GlobalSection(ProjectConfigurationPlatforms) = postSolution
		{EE84761E-10AE-4D7B-904C-11BC3E9EC614}.Debug|Any CPU.ActiveCfg = Debug|Any CPU
		{EE84761E-10AE-4D7B-904C-11BC3E9EC614}.Debug|Any CPU.Build.0 = Debug|Any CPU
		{EE84761E-10AE-4D7B-904C-11BC3E9EC614}.Release|Any CPU.ActiveCfg = Release|Any CPU
		{EE84761E-10AE-4D7B-904C-11BC3E9EC614}.Release|Any CPU.Build.0 = Release|Any CPU
		{1DB81900-C2DF-4248-BE9C-41E26B9868C1}.Debug|Any CPU.ActiveCfg = Debug|Any CPU
		{1DB81900-C2DF-4248-BE9C-41E26B9868C1}.Debug|Any CPU.Build.0 = Debug|Any CPU
		{1DB81900-C2DF-4248-BE9C-41E26B9868C1}.Release|Any CPU.ActiveCfg = Release|Any CPU
		{1DB81900-C2DF-4248-BE9C-41E26B9868C1}.Release|Any CPU.Build.0 = Release|Any CPU
		{57817E9F-438A-44F7-9CC2-08DD5389A4F6}.Debug|Any CPU.ActiveCfg = Debug|Any CPU
		{57817E9F-438A-44F7-9CC2-08DD5389A4F6}.Debug|Any CPU.Build.0 = Debug|Any CPU
		{57817E9F-438A-44F7-9CC2-08DD5389A4F6}.Release|Any CPU.ActiveCfg = Release|Any CPU
		{57817E9F-438A-44F7-9CC2-08DD5389A4F6}.Release|Any CPU.Build.0 = Release|Any CPU
	EndGlobalSection
	GlobalSection(SolutionProperties) = preSolution
		HideSolutionNode = FALSE
	EndGlobalSection
	GlobalSection(ExtensibilityGlobals) = postSolution
		SolutionGuid = {637534B3-7FFF-4BDD-B1CE-F624955AB829}
	EndGlobalSection
EndGlobal
