
Microsoft Visual Studio Solution File, Format Version 12.00
# Visual Studio Version 16
VisualStudioVersion = 16.0.30608.117
MinimumVisualStudioVersion = 10.0.40219.1
Project("{FAE04EC0-301F-11D3-BF4B-00C04F79EFBC}") = "02-DefaultExecutables", "02-DefaultExecutables\02-DefaultExecutables.csproj", "{02CAE710-4DF2-40D1-AD24-3DA002B8A52E}"
EndProject
Global
	GlobalSection(SolutionConfigurationPlatforms) = preSolution
		Debug|Any CPU = Debug|Any CPU
		Release|Any CPU = Release|Any CPU
	EndGlobalSection
	GlobalSection(ProjectConfigurationPlatforms) = postSolution
		{02CAE710-4DF2-40D1-AD24-3DA002B8A52E}.Debug|Any CPU.ActiveCfg = Debug|Any CPU
		{02CAE710-4DF2-40D1-AD24-3DA002B8A52E}.Debug|Any CPU.Build.0 = Debug|Any CPU
		{02CAE710-4DF2-40D1-AD24-3DA002B8A52E}.Release|Any CPU.ActiveCfg = Release|Any CPU
		{02CAE710-4DF2-40D1-AD24-3DA002B8A52E}.Release|Any CPU.Build.0 = Release|Any CPU
	EndGlobalSection
	GlobalSection(SolutionProperties) = preSolution
		HideSolutionNode = FALSE
	EndGlobalSection
	GlobalSection(ExtensibilityGlobals) = postSolution
		SolutionGuid = {9BB83B2C-FCCA-4AB2-B819-ECC945352413}
	EndGlobalSection
EndGlobal
